
Microsoft Visual Studio Solution File, Format Version 12.00
# Visual Studio Version 17
VisualStudioVersion = 17.8.34330.188
MinimumVisualStudioVersion = 10.0.40219.1
Project("{FAE04EC0-301F-11D3-BF4B-00C04F79EFBC}") = "ASPNetProj", "ASPNetProj.csproj", "{7E1B35E8-6E29-4DDF-A57E-FD847E5B091D}"
EndProject
Global
	GlobalSection(SolutionConfigurationPlatforms) = preSolution
		Debug|Any CPU = Debug|Any CPU
		Release|Any CPU = Release|Any CPU
	EndGlobalSection
	GlobalSection(ProjectConfigurationPlatforms) = postSolution
		{7E1B35E8-6E29-4DDF-A57E-FD847E5B091D}.Debug|Any CPU.ActiveCfg = Debug|Any CPU
		{7E1B35E8-6E29-4DDF-A57E-FD847E5B091D}.Debug|Any CPU.Build.0 = Debug|Any CPU
		{7E1B35E8-6E29-4DDF-A57E-FD847E5B091D}.Release|Any CPU.ActiveCfg = Release|Any CPU
		{7E1B35E8-6E29-4DDF-A57E-FD847E5B091D}.Release|Any CPU.Build.0 = Release|Any CPU
	EndGlobalSection
	GlobalSection(SolutionProperties) = preSolution
		HideSolutionNode = FALSE
	EndGlobalSection
	GlobalSection(ExtensibilityGlobals) = postSolution
		SolutionGuid = {36499057-0548-419A-A069-77695A19C5F9}
	EndGlobalSection
EndGlobal
